// !$*UTF8*$!
{
	archiveVersion = 1;
	classes = {
	};
	objectVersion = 46;
	objects = {

/* Begin PBXBuildFile section */
		B2F9878B14E976AD0048EC16 /* UIKit.framework in Frameworks */ = {isa = PBXBuildFile; fileRef = B2F9878A14E976AD0048EC16 /* UIKit.framework */; };
		B2F9878D14E976AD0048EC16 /* Foundation.framework in Frameworks */ = {isa = PBXBuildFile; fileRef = B2F9878C14E976AD0048EC16 /* Foundation.framework */; };
		B2F9878F14E976AD0048EC16 /* CoreGraphics.framework in Frameworks */ = {isa = PBXBuildFile; fileRef = B2F9878E14E976AD0048EC16 /* CoreGraphics.framework */; };
		B2F9879514E976AD0048EC16 /* InfoPlist.strings in Resources */ = {isa = PBXBuildFile; fileRef = B2F9879314E976AD0048EC16 /* InfoPlist.strings */; };
		B2F9879714E976AD0048EC16 /* main.m in Sources */ = {isa = PBXBuildFile; fileRef = B2F9879614E976AD0048EC16 /* main.m */; };
		B2F9879B14E976AD0048EC16 /* AppDelegate.m in Sources */ = {isa = PBXBuildFile; fileRef = B2F9879A14E976AD0048EC16 /* AppDelegate.m */; };
		B2F987A614E97BEC0048EC16 /* CoreViewController.m in Sources */ = {isa = PBXBuildFile; fileRef = B2F987A514E97BEC0048EC16 /* CoreViewController.m */; };
		B2F987A914E97C1E0048EC16 /* TableViewController.m in Sources */ = {isa = PBXBuildFile; fileRef = B2F987A814E97C1E0048EC16 /* TableViewController.m */; };
/* End PBXBuildFile section */

/* Begin PBXFileReference section */
		B2F9878614E976AD0048EC16 /* Setting-iOS.app */ = {isa = PBXFileReference; explicitFileType = wrapper.application; includeInIndex = 0; path = "Setting-iOS.app"; sourceTree = BUILT_PRODUCTS_DIR; };
		B2F9878A14E976AD0048EC16 /* UIKit.framework */ = {isa = PBXFileReference; lastKnownFileType = wrapper.framework; name = UIKit.framework; path = System/Library/Frameworks/UIKit.framework; sourceTree = SDKROOT; };
		B2F9878C14E976AD0048EC16 /* Foundation.framework */ = {isa = PBXFileReference; lastKnownFileType = wrapper.framework; name = Foundation.framework; path = System/Library/Frameworks/Foundation.framework; sourceTree = SDKROOT; };
		B2F9878E14E976AD0048EC16 /* CoreGraphics.framework */ = {isa = PBXFileReference; lastKnownFileType = wrapper.framework; name = CoreGraphics.framework; path = System/Library/Frameworks/CoreGraphics.framework; sourceTree = SDKROOT; };
		B2F9879214E976AD0048EC16 /* Setting-iOS-Info.plist */ = {isa = PBXFileReference; lastKnownFileType = text.plist.xml; path = "Setting-iOS-Info.plist"; sourceTree = "<group>"; };
		B2F9879414E976AD0048EC16 /* en */ = {isa = PBXFileReference; lastKnownFileType = text.plist.strings; name = en; path = en.lproj/InfoPlist.strings; sourceTree = "<group>"; };
		B2F9879614E976AD0048EC16 /* main.m */ = {isa = PBXFileReference; lastKnownFileType = sourcecode.c.objc; path = main.m; sourceTree = "<group>"; };
		B2F9879814E976AD0048EC16 /* Setting-iOS-Prefix.pch */ = {isa = PBXFileReference; lastKnownFileType = sourcecode.c.h; path = "Setting-iOS-Prefix.pch"; sourceTree = "<group>"; };
		B2F9879914E976AD0048EC16 /* AppDelegate.h */ = {isa = PBXFileReference; lastKnownFileType = sourcecode.c.h; path = AppDelegate.h; sourceTree = "<group>"; };
		B2F9879A14E976AD0048EC16 /* AppDelegate.m */ = {isa = PBXFileReference; lastKnownFileType = sourcecode.c.objc; path = AppDelegate.m; sourceTree = "<group>"; };
		B2F987A414E97BEC0048EC16 /* CoreViewController.h */ = {isa = PBXFileReference; fileEncoding = 4; lastKnownFileType = sourcecode.c.h; path = CoreViewController.h; sourceTree = "<group>"; };
		B2F987A514E97BEC0048EC16 /* CoreViewController.m */ = {isa = PBXFileReference; fileEncoding = 4; lastKnownFileType = sourcecode.c.objc; path = CoreViewController.m; sourceTree = "<group>"; };
		B2F987A714E97C1E0048EC16 /* TableViewController.h */ = {isa = PBXFileReference; fileEncoding = 4; lastKnownFileType = sourcecode.c.h; path = TableViewController.h; sourceTree = "<group>"; };
		B2F987A814E97C1E0048EC16 /* TableViewController.m */ = {isa = PBXFileReference; fileEncoding = 4; lastKnownFileType = sourcecode.c.objc; path = TableViewController.m; sourceTree = "<group>"; };
/* End PBXFileReference section */

/* Begin PBXFrameworksBuildPhase section */
		B2F9878314E976AD0048EC16 /* Frameworks */ = {
			isa = PBXFrameworksBuildPhase;
			buildActionMask = 2147483647;
			files = (
				B2F9878B14E976AD0048EC16 /* UIKit.framework in Frameworks */,
				B2F9878D14E976AD0048EC16 /* Foundation.framework in Frameworks */,
				B2F9878F14E976AD0048EC16 /* CoreGraphics.framework in Frameworks */,
			);
			runOnlyForDeploymentPostprocessing = 0;
		};
/* End PBXFrameworksBuildPhase section */

/* Begin PBXGroup section */
		B2F9877B14E976AC0048EC16 = {
			isa = PBXGroup;
			children = (
				B2F9879014E976AD0048EC16 /* Setting-iOS */,
				B2F9878914E976AD0048EC16 /* Frameworks */,
				B2F9878714E976AD0048EC16 /* Products */,
			);
			sourceTree = "<group>";
		};
		B2F9878714E976AD0048EC16 /* Products */ = {
			isa = PBXGroup;
			children = (
				B2F9878614E976AD0048EC16 /* Setting-iOS.app */,
			);
			name = Products;
			sourceTree = "<group>";
		};
		B2F9878914E976AD0048EC16 /* Frameworks */ = {
			isa = PBXGroup;
			children = (
				B2F9878A14E976AD0048EC16 /* UIKit.framework */,
				B2F9878C14E976AD0048EC16 /* Foundation.framework */,
				B2F9878E14E976AD0048EC16 /* CoreGraphics.framework */,
			);
			name = Frameworks;
			sourceTree = "<group>";
		};
		B2F9879014E976AD0048EC16 /* Setting-iOS */ = {
			isa = PBXGroup;
			children = (
				B2F9879914E976AD0048EC16 /* AppDelegate.h */,
				B2F9879A14E976AD0048EC16 /* AppDelegate.m */,
				B2F987A114E97A790048EC16 /* CoreViewController */,
				B2F987A214E97A8B0048EC16 /* TableViewController */,
				B2F987A314E97A9A0048EC16 /* CellViewController */,
				B2F9879114E976AD0048EC16 /* Supporting Files */,
			);
			path = "Setting-iOS";
			sourceTree = "<group>";
		};
		B2F9879114E976AD0048EC16 /* Supporting Files */ = {
			isa = PBXGroup;
			children = (
				B2F9879214E976AD0048EC16 /* Setting-iOS-Info.plist */,
				B2F9879314E976AD0048EC16 /* InfoPlist.strings */,
				B2F9879614E976AD0048EC16 /* main.m */,
				B2F9879814E976AD0048EC16 /* Setting-iOS-Prefix.pch */,
			);
			name = "Supporting Files";
			sourceTree = "<group>";
		};
		B2F987A114E97A790048EC16 /* CoreViewController */ = {
			isa = PBXGroup;
			children = (
				B2F987A414E97BEC0048EC16 /* CoreViewController.h */,
				B2F987A514E97BEC0048EC16 /* CoreViewController.m */,
			);
			name = CoreViewController;
			sourceTree = "<group>";
		};
		B2F987A214E97A8B0048EC16 /* TableViewController */ = {
			isa = PBXGroup;
			children = (
				B2F987A714E97C1E0048EC16 /* TableViewController.h */,
				B2F987A814E97C1E0048EC16 /* TableViewController.m */,
			);
			name = TableViewController;
			sourceTree = "<group>";
		};
		B2F987A314E97A9A0048EC16 /* CellViewController */ = {
			isa = PBXGroup;
			children = (
			);
			name = CellViewController;
			sourceTree = "<group>";
		};
/* End PBXGroup section */

/* Begin PBXNativeTarget section */
		B2F9878514E976AD0048EC16 /* Setting-iOS */ = {
			isa = PBXNativeTarget;
			buildConfigurationList = B2F9879E14E976AD0048EC16 /* Build configuration list for PBXNativeTarget "Setting-iOS" */;
			buildPhases = (
				B2F9878214E976AD0048EC16 /* Sources */,
				B2F9878314E976AD0048EC16 /* Frameworks */,
				B2F9878414E976AD0048EC16 /* Resources */,
			);
			buildRules = (
			);
			dependencies = (
			);
			name = "Setting-iOS";
			productName = "Setting-iOS";
			productReference = B2F9878614E976AD0048EC16 /* Setting-iOS.app */;
			productType = "com.apple.product-type.application";
		};
/* End PBXNativeTarget section */

/* Begin PBXProject section */
		B2F9877D14E976AC0048EC16 /* Project object */ = {
			isa = PBXProject;
			attributes = {
				LastUpgradeCheck = 0420;
			};
			buildConfigurationList = B2F9878014E976AC0048EC16 /* Build configuration list for PBXProject "Setting-iOS" */;
			compatibilityVersion = "Xcode 3.2";
			developmentRegion = English;
			hasScannedForEncodings = 0;
			knownRegions = (
				en,
			);
			mainGroup = B2F9877B14E976AC0048EC16;
			productRefGroup = B2F9878714E976AD0048EC16 /* Products */;
			projectDirPath = "";
			projectRoot = "";
			targets = (
				B2F9878514E976AD0048EC16 /* Setting-iOS */,
			);
		};
/* End PBXProject section */

/* Begin PBXResourcesBuildPhase section */
		B2F9878414E976AD0048EC16 /* Resources */ = {
			isa = PBXResourcesBuildPhase;
			buildActionMask = 2147483647;
			files = (
				B2F9879514E976AD0048EC16 /* InfoPlist.strings in Resources */,
			);
			runOnlyForDeploymentPostprocessing = 0;
		};
/* End PBXResourcesBuildPhase section */

/* Begin PBXSourcesBuildPhase section */
		B2F9878214E976AD0048EC16 /* Sources */ = {
			isa = PBXSourcesBuildPhase;
			buildActionMask = 2147483647;
			files = (
				B2F9879714E976AD0048EC16 /* main.m in Sources */,
				B2F9879B14E976AD0048EC16 /* AppDelegate.m in Sources */,
				B2F987A614E97BEC0048EC16 /* CoreViewController.m in Sources */,
				B2F987A914E97C1E0048EC16 /* TableViewController.m in Sources */,
			);
			runOnlyForDeploymentPostprocessing = 0;
		};
/* End PBXSourcesBuildPhase section */

/* Begin PBXVariantGroup section */
		B2F9879314E976AD0048EC16 /* InfoPlist.strings */ = {
			isa = PBXVariantGroup;
			children = (
				B2F9879414E976AD0048EC16 /* en */,
			);
			name = InfoPlist.strings;
			sourceTree = "<group>";
		};
/* End PBXVariantGroup section */

/* Begin XCBuildConfiguration section */
		B2F9879C14E976AD0048EC16 /* Debug */ = {
			isa = XCBuildConfiguration;
			buildSettings = {
				ALWAYS_SEARCH_USER_PATHS = NO;
				ARCHS = "$(ARCHS_STANDARD_32_BIT)";
				"CODE_SIGN_IDENTITY[sdk=iphoneos*]" = "iPhone Developer";
				COPY_PHASE_STRIP = NO;
				GCC_C_LANGUAGE_STANDARD = gnu99;
				GCC_DYNAMIC_NO_PIC = NO;
				GCC_OPTIMIZATION_LEVEL = 0;
				GCC_PREPROCESSOR_DEFINITIONS = (
					"DEBUG=1",
					"$(inherited)",
				);
				GCC_SYMBOLS_PRIVATE_EXTERN = NO;
				GCC_VERSION = com.apple.compilers.llvm.clang.1_0;
				GCC_WARN_ABOUT_MISSING_PROTOTYPES = YES;
				GCC_WARN_ABOUT_RETURN_TYPE = YES;
				GCC_WARN_UNUSED_VARIABLE = YES;
				IPHONEOS_DEPLOYMENT_TARGET = 5.0;
				SDKROOT = iphoneos;
			};
			name = Debug;
		};
		B2F9879D14E976AD0048EC16 /* Release */ = {
			isa = XCBuildConfiguration;
			buildSettings = {
				ALWAYS_SEARCH_USER_PATHS = NO;
				ARCHS = "$(ARCHS_STANDARD_32_BIT)";
				"CODE_SIGN_IDENTITY[sdk=iphoneos*]" = "iPhone Developer";
				COPY_PHASE_STRIP = YES;
				GCC_C_LANGUAGE_STANDARD = gnu99;
				GCC_VERSION = com.apple.compilers.llvm.clang.1_0;
				GCC_WARN_ABOUT_MISSING_PROTOTYPES = YES;
				GCC_WARN_ABOUT_RETURN_TYPE = YES;
				GCC_WARN_UNUSED_VARIABLE = YES;
				IPHONEOS_DEPLOYMENT_TARGET = 5.0;
				OTHER_CFLAGS = "-DNS_BLOCK_ASSERTIONS=1";
				SDKROOT = iphoneos;
				VALIDATE_PRODUCT = YES;
			};
			name = Release;
		};
		B2F9879F14E976AD0048EC16 /* Debug */ = {
			isa = XCBuildConfiguration;
			buildSettings = {
				GCC_PRECOMPILE_PREFIX_HEADER = YES;
				GCC_PREFIX_HEADER = "Setting-iOS/Setting-iOS-Prefix.pch";
				INFOPLIST_FILE = "Setting-iOS/Setting-iOS-Info.plist";
				PRODUCT_NAME = "$(TARGET_NAME)";
				WRAPPER_EXTENSION = app;
			};
			name = Debug;
		};
		B2F987A014E976AD0048EC16 /* Release */ = {
			isa = XCBuildConfiguration;
			buildSettings = {
				GCC_PRECOMPILE_PREFIX_HEADER = YES;
				GCC_PREFIX_HEADER = "Setting-iOS/Setting-iOS-Prefix.pch";
				INFOPLIST_FILE = "Setting-iOS/Setting-iOS-Info.plist";
				PRODUCT_NAME = "$(TARGET_NAME)";
				WRAPPER_EXTENSION = app;
			};
			name = Release;
		};
/* End XCBuildConfiguration section */

/* Begin XCConfigurationList section */
		B2F9878014E976AC0048EC16 /* Build configuration list for PBXProject "Setting-iOS" */ = {
			isa = XCConfigurationList;
			buildConfigurations = (
				B2F9879C14E976AD0048EC16 /* Debug */,
				B2F9879D14E976AD0048EC16 /* Release */,
			);
			defaultConfigurationIsVisible = 0;
			defaultConfigurationName = Release;
		};
		B2F9879E14E976AD0048EC16 /* Build configuration list for PBXNativeTarget "Setting-iOS" */ = {
			isa = XCConfigurationList;
			buildConfigurations = (
				B2F9879F14E976AD0048EC16 /* Debug */,
				B2F987A014E976AD0048EC16 /* Release */,
			);
			defaultConfigurationIsVisible = 0;
		};
/* End XCConfigurationList section */
	};
	rootObject = B2F9877D14E976AC0048EC16 /* Project object */;
}
